
Microsoft Visual Studio Solution File, Format Version 12.00
# Visual Studio Version 17
VisualStudioVersion = 17.7.34018.315
MinimumVisualStudioVersion = 10.0.40219.1
Project("{FAE04EC0-301F-11D3-BF4B-00C04F79EFBC}") = "ASD1", "ASD1.csproj", "{5EF4BDC0-A95B-4CA1-AD5A-81562D60C0BA}"
EndProject
Global
	GlobalSection(SolutionConfigurationPlatforms) = preSolution
		Debug|Any CPU = Debug|Any CPU
		Release|Any CPU = Release|Any CPU
	EndGlobalSection
	GlobalSection(ProjectConfigurationPlatforms) = postSolution
		{5EF4BDC0-A95B-4CA1-AD5A-81562D60C0BA}.Debug|Any CPU.ActiveCfg = Debug|Any CPU
		{5EF4BDC0-A95B-4CA1-AD5A-81562D60C0BA}.Debug|Any CPU.Build.0 = Debug|Any CPU
		{5EF4BDC0-A95B-4CA1-AD5A-81562D60C0BA}.Release|Any CPU.ActiveCfg = Release|Any CPU
		{5EF4BDC0-A95B-4CA1-AD5A-81562D60C0BA}.Release|Any CPU.Build.0 = Release|Any CPU
	EndGlobalSection
	GlobalSection(SolutionProperties) = preSolution
		HideSolutionNode = FALSE
	EndGlobalSection
	GlobalSection(ExtensibilityGlobals) = postSolution
		SolutionGuid = {A834DB18-DA60-444C-9A51-B068B12F5988}
	EndGlobalSection
EndGlobal
